
Microsoft Visual Studio Solution File, Format Version 12.00
Project("{FAE04EC0-301F-11D3-BF4B-00C04F79EFBC}") = "Thread", "Thread\Thread.csproj", "{FAEC909C-A72C-4371-8F00-AF2DCC6C790B}"
EndProject
Project("{FAE04EC0-301F-11D3-BF4B-00C04F79EFBC}") = "IPC", "IPC\IPC.csproj", "{3B7F9201-949B-47A9-984F-FDE1E1870C8E}"
EndProject
Project("{FAE04EC0-301F-11D3-BF4B-00C04F79EFBC}") = "UnitTests", "UnitTests\UnitTests.csproj", "{C0D0A6BD-318F-4A46-983F-DB6CEB0FDF69}"
EndProject
Global
	GlobalSection(SolutionConfigurationPlatforms) = preSolution
		Debug|Any CPU = Debug|Any CPU
		Release|Any CPU = Release|Any CPU
	EndGlobalSection
	GlobalSection(ProjectConfigurationPlatforms) = postSolution
		{FAEC909C-A72C-4371-8F00-AF2DCC6C790B}.Debug|Any CPU.ActiveCfg = Debug|Any CPU
		{FAEC909C-A72C-4371-8F00-AF2DCC6C790B}.Debug|Any CPU.Build.0 = Debug|Any CPU
		{FAEC909C-A72C-4371-8F00-AF2DCC6C790B}.Release|Any CPU.ActiveCfg = Release|Any CPU
		{FAEC909C-A72C-4371-8F00-AF2DCC6C790B}.Release|Any CPU.Build.0 = Release|Any CPU
		{3B7F9201-949B-47A9-984F-FDE1E1870C8E}.Debug|Any CPU.ActiveCfg = Debug|Any CPU
		{3B7F9201-949B-47A9-984F-FDE1E1870C8E}.Debug|Any CPU.Build.0 = Debug|Any CPU
		{3B7F9201-949B-47A9-984F-FDE1E1870C8E}.Release|Any CPU.ActiveCfg = Release|Any CPU
		{3B7F9201-949B-47A9-984F-FDE1E1870C8E}.Release|Any CPU.Build.0 = Release|Any CPU
		{C0D0A6BD-318F-4A46-983F-DB6CEB0FDF69}.Debug|Any CPU.ActiveCfg = Debug|Any CPU
		{C0D0A6BD-318F-4A46-983F-DB6CEB0FDF69}.Debug|Any CPU.Build.0 = Debug|Any CPU
		{C0D0A6BD-318F-4A46-983F-DB6CEB0FDF69}.Release|Any CPU.ActiveCfg = Release|Any CPU
		{C0D0A6BD-318F-4A46-983F-DB6CEB0FDF69}.Release|Any CPU.Build.0 = Release|Any CPU
	EndGlobalSection
EndGlobal
